// !$*UTF8*$!
{
	archiveVersion = 1;
	classes = {
	};
	objectVersion = 46;
	objects = {

/* Begin PBXBuildFile section */
		D69766CC1A898F6400E93883 /* AppDelegate.swift in Sources */ = {isa = PBXBuildFile; fileRef = D69766CB1A898F6400E93883 /* AppDelegate.swift */; };
		D69766CE1A898F6400E93883 /* ViewController.swift in Sources */ = {isa = PBXBuildFile; fileRef = D69766CD1A898F6400E93883 /* ViewController.swift */; };
		D69766D11A898F6400E93883 /* Main.storyboard in Resources */ = {isa = PBXBuildFile; fileRef = D69766CF1A898F6400E93883 /* Main.storyboard */; };
		D69766D31A898F6400E93883 /* Images.xcassets in Resources */ = {isa = PBXBuildFile; fileRef = D69766D21A898F6400E93883 /* Images.xcassets */; };
		D69766D61A898F6400E93883 /* LaunchScreen.xib in Resources */ = {isa = PBXBuildFile; fileRef = D69766D41A898F6400E93883 /* LaunchScreen.xib */; };
		D69766E21A898F6400E93883 /* HearMeNowTests.swift in Sources */ = {isa = PBXBuildFile; fileRef = D69766E11A898F6400E93883 /* HearMeNowTests.swift */; };
/* End PBXBuildFile section */

/* Begin PBXContainerItemProxy section */
		D69766DC1A898F6400E93883 /* PBXContainerItemProxy */ = {
			isa = PBXContainerItemProxy;
			containerPortal = D69766BE1A898F6300E93883 /* Project object */;
			proxyType = 1;
			remoteGlobalIDString = D69766C51A898F6400E93883;
			remoteInfo = HearMeNow;
		};
/* End PBXContainerItemProxy section */

/* Begin PBXFileReference section */
		D69766C61A898F6400E93883 /* HearMeNow.app */ = {isa = PBXFileReference; explicitFileType = wrapper.application; includeInIndex = 0; path = HearMeNow.app; sourceTree = BUILT_PRODUCTS_DIR; };
		D69766CA1A898F6400E93883 /* Info.plist */ = {isa = PBXFileReference; lastKnownFileType = text.plist.xml; path = Info.plist; sourceTree = "<group>"; };
		D69766CB1A898F6400E93883 /* AppDelegate.swift */ = {isa = PBXFileReference; lastKnownFileType = sourcecode.swift; path = AppDelegate.swift; sourceTree = "<group>"; };
		D69766CD1A898F6400E93883 /* ViewController.swift */ = {isa = PBXFileReference; lastKnownFileType = sourcecode.swift; path = ViewController.swift; sourceTree = "<group>"; };
		D69766D01A898F6400E93883 /* Base */ = {isa = PBXFileReference; lastKnownFileType = file.storyboard; name = Base; path = Base.lproj/Main.storyboard; sourceTree = "<group>"; };
		D69766D21A898F6400E93883 /* Images.xcassets */ = {isa = PBXFileReference; lastKnownFileType = folder.assetcatalog; path = Images.xcassets; sourceTree = "<group>"; };
		D69766D51A898F6400E93883 /* Base */ = {isa = PBXFileReference; lastKnownFileType = file.xib; name = Base; path = Base.lproj/LaunchScreen.xib; sourceTree = "<group>"; };
		D69766DB1A898F6400E93883 /* HearMeNowTests.xctest */ = {isa = PBXFileReference; explicitFileType = wrapper.cfbundle; includeInIndex = 0; path = HearMeNowTests.xctest; sourceTree = BUILT_PRODUCTS_DIR; };
		D69766E01A898F6400E93883 /* Info.plist */ = {isa = PBXFileReference; lastKnownFileType = text.plist.xml; path = Info.plist; sourceTree = "<group>"; };
		D69766E11A898F6400E93883 /* HearMeNowTests.swift */ = {isa = PBXFileReference; lastKnownFileType = sourcecode.swift; path = HearMeNowTests.swift; sourceTree = "<group>"; };
/* End PBXFileReference section */

/* Begin PBXFrameworksBuildPhase section */
		D69766C31A898F6400E93883 /* Frameworks */ = {
			isa = PBXFrameworksBuildPhase;
			buildActionMask = 2147483647;
			files = (
			);
			runOnlyForDeploymentPostprocessing = 0;
		};
		D69766D81A898F6400E93883 /* Frameworks */ = {
			isa = PBXFrameworksBuildPhase;
			buildActionMask = 2147483647;
			files = (
			);
			runOnlyForDeploymentPostprocessing = 0;
		};
/* End PBXFrameworksBuildPhase section */

/* Begin PBXGroup section */
		D69766BD1A898F6300E93883 = {
			isa = PBXGroup;
			children = (
				D69766C81A898F6400E93883 /* HearMeNow */,
				D69766DE1A898F6400E93883 /* HearMeNowTests */,
				D69766C71A898F6400E93883 /* Products */,
			);
			sourceTree = "<group>";
		};
		D69766C71A898F6400E93883 /* Products */ = {
			isa = PBXGroup;
			children = (
				D69766C61A898F6400E93883 /* HearMeNow.app */,
				D69766DB1A898F6400E93883 /* HearMeNowTests.xctest */,
			);
			name = Products;
			sourceTree = "<group>";
		};
		D69766C81A898F6400E93883 /* HearMeNow */ = {
			isa = PBXGroup;
			children = (
				D69766CB1A898F6400E93883 /* AppDelegate.swift */,
				D69766CD1A898F6400E93883 /* ViewController.swift */,
				D69766CF1A898F6400E93883 /* Main.storyboard */,
				D69766D21A898F6400E93883 /* Images.xcassets */,
				D69766D41A898F6400E93883 /* LaunchScreen.xib */,
				D69766C91A898F6400E93883 /* Supporting Files */,
			);
			path = HearMeNow;
			sourceTree = "<group>";
		};
		D69766C91A898F6400E93883 /* Supporting Files */ = {
			isa = PBXGroup;
			children = (
				D69766CA1A898F6400E93883 /* Info.plist */,
			);
			name = "Supporting Files";
			sourceTree = "<group>";
		};
		D69766DE1A898F6400E93883 /* HearMeNowTests */ = {
			isa = PBXGroup;
			children = (
				D69766E11A898F6400E93883 /* HearMeNowTests.swift */,
				D69766DF1A898F6400E93883 /* Supporting Files */,
			);
			path = HearMeNowTests;
			sourceTree = "<group>";
		};
		D69766DF1A898F6400E93883 /* Supporting Files */ = {
			isa = PBXGroup;
			children = (
				D69766E01A898F6400E93883 /* Info.plist */,
			);
			name = "Supporting Files";
			sourceTree = "<group>";
		};
/* End PBXGroup section */

/* Begin PBXNativeTarget section */
		D69766C51A898F6400E93883 /* HearMeNow */ = {
			isa = PBXNativeTarget;
			buildConfigurationList = D69766E51A898F6400E93883 /* Build configuration list for PBXNativeTarget "HearMeNow" */;
			buildPhases = (
				D69766C21A898F6400E93883 /* Sources */,
				D69766C31A898F6400E93883 /* Frameworks */,
				D69766C41A898F6400E93883 /* Resources */,
			);
			buildRules = (
			);
			dependencies = (
			);
			name = HearMeNow;
			productName = HearMeNow;
			productReference = D69766C61A898F6400E93883 /* HearMeNow.app */;
			productType = "com.apple.product-type.application";
		};
		D69766DA1A898F6400E93883 /* HearMeNowTests */ = {
			isa = PBXNativeTarget;
			buildConfigurationList = D69766E81A898F6400E93883 /* Build configuration list for PBXNativeTarget "HearMeNowTests" */;
			buildPhases = (
				D69766D71A898F6400E93883 /* Sources */,
				D69766D81A898F6400E93883 /* Frameworks */,
				D69766D91A898F6400E93883 /* Resources */,
			);
			buildRules = (
			);
			dependencies = (
				D69766DD1A898F6400E93883 /* PBXTargetDependency */,
			);
			name = HearMeNowTests;
			productName = HearMeNowTests;
			productReference = D69766DB1A898F6400E93883 /* HearMeNowTests.xctest */;
			productType = "com.apple.product-type.bundle.unit-test";
		};
/* End PBXNativeTarget section */

/* Begin PBXProject section */
		D69766BE1A898F6300E93883 /* Project object */ = {
			isa = PBXProject;
			attributes = {
				LastUpgradeCheck = 0830;
				ORGANIZATIONNAME = "Kevin Green";
				TargetAttributes = {
					D69766C51A898F6400E93883 = {
						CreatedOnToolsVersion = 6.1.1;
						LastSwiftMigration = 0830;
					};
					D69766DA1A898F6400E93883 = {
						CreatedOnToolsVersion = 6.1.1;
						LastSwiftMigration = 0830;
						TestTargetID = D69766C51A898F6400E93883;
					};
				};
			};
			buildConfigurationList = D69766C11A898F6300E93883 /* Build configuration list for PBXProject "HearMeNow" */;
			compatibilityVersion = "Xcode 3.2";
			developmentRegion = English;
			hasScannedForEncodings = 0;
			knownRegions = (
				en,
				Base,
			);
			mainGroup = D69766BD1A898F6300E93883;
			productRefGroup = D69766C71A898F6400E93883 /* Products */;
			projectDirPath = "";
			projectRoot = "";
			targets = (
				D69766C51A898F6400E93883 /* HearMeNow */,
				D69766DA1A898F6400E93883 /* HearMeNowTests */,
			);
		};
/* End PBXProject section */

/* Begin PBXResourcesBuildPhase section */
		D69766C41A898F6400E93883 /* Resources */ = {
			isa = PBXResourcesBuildPhase;
			buildActionMask = 2147483647;
			files = (
				D69766D11A898F6400E93883 /* Main.storyboard in Resources */,
				D69766D61A898F6400E93883 /* LaunchScreen.xib in Resources */,
				D69766D31A898F6400E93883 /* Images.xcassets in Resources */,
			);
			runOnlyForDeploymentPostprocessing = 0;
		};
		D69766D91A898F6400E93883 /* Resources */ = {
			isa = PBXResourcesBuildPhase;
			buildActionMask = 2147483647;
			files = (
			);
			runOnlyForDeploymentPostprocessing = 0;
		};
/* End PBXResourcesBuildPhase section */

/* Begin PBXSourcesBuildPhase section */
		D69766C21A898F6400E93883 /* Sources */ = {
			isa = PBXSourcesBuildPhase;
			buildActionMask = 2147483647;
			files = (
				D69766CE1A898F6400E93883 /* ViewController.swift in Sources */,
				D69766CC1A898F6400E93883 /* AppDelegate.swift in Sources */,
			);
			runOnlyForDeploymentPostprocessing = 0;
		};
		D69766D71A898F6400E93883 /* Sources */ = {
			isa = PBXSourcesBuildPhase;
			buildActionMask = 2147483647;
			files = (
				D69766E21A898F6400E93883 /* HearMeNowTests.swift in Sources */,
			);
			runOnlyForDeploymentPostprocessing = 0;
		};
/* End PBXSourcesBuildPhase section */

/* Begin PBXTargetDependency section */
		D69766DD1A898F6400E93883 /* PBXTargetDependency */ = {
			isa = PBXTargetDependency;
			target = D69766C51A898F6400E93883 /* HearMeNow */;
			targetProxy = D69766DC1A898F6400E93883 /* PBXContainerItemProxy */;
		};
/* End PBXTargetDependency section */

/* Begin PBXVariantGroup section */
		D69766CF1A898F6400E93883 /* Main.storyboard */ = {
			isa = PBXVariantGroup;
			children = (
				D69766D01A898F6400E93883 /* Base */,
			);
			name = Main.storyboard;
			sourceTree = "<group>";
		};
		D69766D41A898F6400E93883 /* LaunchScreen.xib */ = {
			isa = PBXVariantGroup;
			children = (
				D69766D51A898F6400E93883 /* Base */,
			);
			name = LaunchScreen.xib;
			sourceTree = "<group>";
		};
/* End PBXVariantGroup section */

/* Begin XCBuildConfiguration section */
		D69766E31A898F6400E93883 /* Debug */ = {
			isa = XCBuildConfiguration;
			buildSettings = {
				ALWAYS_SEARCH_USER_PATHS = NO;
				CLANG_CXX_LANGUAGE_STANDARD = "gnu++0x";
				CLANG_CXX_LIBRARY = "libc++";
				CLANG_ENABLE_MODULES = YES;
				CLANG_ENABLE_OBJC_ARC = YES;
				CLANG_WARN_BOOL_CONVERSION = YES;
				CLANG_WARN_CONSTANT_CONVERSION = YES;
				CLANG_WARN_DIRECT_OBJC_ISA_USAGE = YES_ERROR;
				CLANG_WARN_EMPTY_BODY = YES;
				CLANG_WARN_ENUM_CONVERSION = YES;
				CLANG_WARN_INFINITE_RECURSION = YES;
				CLANG_WARN_INT_CONVERSION = YES;
				CLANG_WARN_OBJC_ROOT_CLASS = YES_ERROR;
				CLANG_WARN_SUSPICIOUS_MOVE = YES;
				CLANG_WARN_UNREACHABLE_CODE = YES;
				CLANG_WARN__DUPLICATE_METHOD_MATCH = YES;
				"CODE_SIGN_IDENTITY[sdk=iphoneos*]" = "iPhone Developer";
				COPY_PHASE_STRIP = NO;
				ENABLE_STRICT_OBJC_MSGSEND = YES;
				ENABLE_TESTABILITY = YES;
				GCC_C_LANGUAGE_STANDARD = gnu99;
				GCC_DYNAMIC_NO_PIC = NO;
				GCC_NO_COMMON_BLOCKS = YES;
				GCC_OPTIMIZATION_LEVEL = 0;
				GCC_PREPROCESSOR_DEFINITIONS = (
					"DEBUG=1",
					"$(inherited)",
				);
				GCC_SYMBOLS_PRIVATE_EXTERN = NO;
				GCC_WARN_64_TO_32_BIT_CONVERSION = YES;
				GCC_WARN_ABOUT_RETURN_TYPE = YES_ERROR;
				GCC_WARN_UNDECLARED_SELECTOR = YES;
				GCC_WARN_UNINITIALIZED_AUTOS = YES_AGGRESSIVE;
				GCC_WARN_UNUSED_FUNCTION = YES;
				GCC_WARN_UNUSED_VARIABLE = YES;
				IPHONEOS_DEPLOYMENT_TARGET = 8.1;
				MTL_ENABLE_DEBUG_INFO = YES;
				ONLY_ACTIVE_ARCH = YES;
				SDKROOT = iphoneos;
				SWIFT_OPTIMIZATION_LEVEL = "-Onone";
			};
			name = Debug;
		};
		D69766E41A898F6400E93883 /* Release */ = {
			isa = XCBuildConfiguration;
			buildSettings = {
				ALWAYS_SEARCH_USER_PATHS = NO;
				CLANG_CXX_LANGUAGE_STANDARD = "gnu++0x";
				CLANG_CXX_LIBRARY = "libc++";
				CLANG_ENABLE_MODULES = YES;
				CLANG_ENABLE_OBJC_ARC = YES;
				CLANG_WARN_BOOL_CONVERSION = YES;
				CLANG_WARN_CONSTANT_CONVERSION = YES;
				CLANG_WARN_DIRECT_OBJC_ISA_USAGE = YES_ERROR;
				CLANG_WARN_EMPTY_BODY = YES;
				CLANG_WARN_ENUM_CONVERSION = YES;
				CLANG_WARN_INFINITE_RECURSION = YES;
				CLANG_WARN_INT_CONVERSION = YES;
				CLANG_WARN_OBJC_ROOT_CLASS = YES_ERROR;
				CLANG_WARN_SUSPICIOUS_MOVE = YES;
				CLANG_WARN_UNREACHABLE_CODE = YES;
				CLANG_WARN__DUPLICATE_METHOD_MATCH = YES;
				"CODE_SIGN_IDENTITY[sdk=iphoneos*]" = "iPhone Developer";
				COPY_PHASE_STRIP = YES;
				ENABLE_NS_ASSERTIONS = NO;
				ENABLE_STRICT_OBJC_MSGSEND = YES;
				GCC_C_LANGUAGE_STANDARD = gnu99;
				GCC_NO_COMMON_BLOCKS = YES;
				GCC_WARN_64_TO_32_BIT_CONVERSION = YES;
				GCC_WARN_ABOUT_RETURN_TYPE = YES_ERROR;
				GCC_WARN_UNDECLARED_SELECTOR = YES;
				GCC_WARN_UNINITIALIZED_AUTOS = YES_AGGRESSIVE;
				GCC_WARN_UNUSED_FUNCTION = YES;
				GCC_WARN_UNUSED_VARIABLE = YES;
				IPHONEOS_DEPLOYMENT_TARGET = 8.1;
				MTL_ENABLE_DEBUG_INFO = NO;
				SDKROOT = iphoneos;
				SWIFT_OPTIMIZATION_LEVEL = "-Owholemodule";
				VALIDATE_PRODUCT = YES;
			};
			name = Release;
		};
		D69766E61A898F6400E93883 /* Debug */ = {
			isa = XCBuildConfiguration;
			buildSettings = {
				ASSETCATALOG_COMPILER_APPICON_NAME = AppIcon;
				INFOPLIST_FILE = HearMeNow/Info.plist;
				LD_RUNPATH_SEARCH_PATHS = "$(inherited) @executable_path/Frameworks";
				PRODUCT_BUNDLE_IDENTIFIER = "net.kuvatech.$(PRODUCT_NAME:rfc1034identifier)";
				PRODUCT_NAME = "$(TARGET_NAME)";
				SWIFT_VERSION = 3.0;
			};
			name = Debug;
		};
		D69766E71A898F6400E93883 /* Release */ = {
			isa = XCBuildConfiguration;
			buildSettings = {
				ASSETCATALOG_COMPILER_APPICON_NAME = AppIcon;
				INFOPLIST_FILE = HearMeNow/Info.plist;
				LD_RUNPATH_SEARCH_PATHS = "$(inherited) @executable_path/Frameworks";
				PRODUCT_BUNDLE_IDENTIFIER = "net.kuvatech.$(PRODUCT_NAME:rfc1034identifier)";
				PRODUCT_NAME = "$(TARGET_NAME)";
				SWIFT_VERSION = 3.0;
			};
			name = Release;
		};
		D69766E91A898F6400E93883 /* Debug */ = {
			isa = XCBuildConfiguration;
			buildSettings = {
				BUNDLE_LOADER = "$(TEST_HOST)";
				FRAMEWORK_SEARCH_PATHS = (
					"$(SDKROOT)/Developer/Library/Frameworks",
					"$(inherited)",
				);
				GCC_PREPROCESSOR_DEFINITIONS = (
					"DEBUG=1",
					"$(inherited)",
				);
				INFOPLIST_FILE = HearMeNowTests/Info.plist;
				LD_RUNPATH_SEARCH_PATHS = "$(inherited) @executable_path/Frameworks @loader_path/Frameworks";
				PRODUCT_BUNDLE_IDENTIFIER = "net.kuvatech.$(PRODUCT_NAME:rfc1034identifier)";
				PRODUCT_NAME = "$(TARGET_NAME)";
				SWIFT_VERSION = 3.0;
				TEST_HOST = "$(BUILT_PRODUCTS_DIR)/HearMeNow.app/HearMeNow";
			};
			name = Debug;
		};
		D69766EA1A898F6400E93883 /* Release */ = {
			isa = XCBuildConfiguration;
			buildSettings = {
				BUNDLE_LOADER = "$(TEST_HOST)";
				FRAMEWORK_SEARCH_PATHS = (
					"$(SDKROOT)/Developer/Library/Frameworks",
					"$(inherited)",
				);
				INFOPLIST_FILE = HearMeNowTests/Info.plist;
				LD_RUNPATH_SEARCH_PATHS = "$(inherited) @executable_path/Frameworks @loader_path/Frameworks";
				PRODUCT_BUNDLE_IDENTIFIER = "net.kuvatech.$(PRODUCT_NAME:rfc1034identifier)";
				PRODUCT_NAME = "$(TARGET_NAME)";
				SWIFT_VERSION = 3.0;
				TEST_HOST = "$(BUILT_PRODUCTS_DIR)/HearMeNow.app/HearMeNow";
			};
			name = Release;
		};
/* End XCBuildConfiguration section */

/* Begin XCConfigurationList section */
		D69766C11A898F6300E93883 /* Build configuration list for PBXProject "HearMeNow" */ = {
			isa = XCConfigurationList;
			buildConfigurations = (
				D69766E31A898F6400E93883 /* Debug */,
				D69766E41A898F6400E93883 /* Release */,
			);
			defaultConfigurationIsVisible = 0;
			defaultConfigurationName = Release;
		};
		D69766E51A898F6400E93883 /* Build configuration list for PBXNativeTarget "HearMeNow" */ = {
			isa = XCConfigurationList;
			buildConfigurations = (
				D69766E61A898F6400E93883 /* Debug */,
				D69766E71A898F6400E93883 /* Release */,
			);
			defaultConfigurationIsVisible = 0;
			defaultConfigurationName = Release;
		};
		D69766E81A898F6400E93883 /* Build configuration list for PBXNativeTarget "HearMeNowTests" */ = {
			isa = XCConfigurationList;
			buildConfigurations = (
				D69766E91A898F6400E93883 /* Debug */,
				D69766EA1A898F6400E93883 /* Release */,
			);
			defaultConfigurationIsVisible = 0;
			defaultConfigurationName = Release;
		};
/* End XCConfigurationList section */
	};
	rootObject = D69766BE1A898F6300E93883 /* Project object */;
}
